
Microsoft Visual Studio Solution File, Format Version 12.00
# Visual Studio Version 17
VisualStudioVersion = 17.5.33627.172
MinimumVisualStudioVersion = 10.0.40219.1
Project("{FAE04EC0-301F-11D3-BF4B-00C04F79EFBC}") = "CertificateOrderingApp", "CertificateOrderingApp\CertificateOrderingApp.csproj", "{9E96891D-AC7F-4FEC-BD84-3FACD7F8A03C}"
EndProject
Project("{FAE04EC0-301F-11D3-BF4B-00C04F79EFBC}") = "CertificateOrderingApp.Services", "CertificateOrderingApp.Services\CertificateOrderingApp.Services.csproj", "{F719D415-F4AE-4479-B355-EB0D2FE10108}"
EndProject
Project("{FAE04EC0-301F-11D3-BF4B-00C04F79EFBC}") = "CertificateOrderingApp.Models", "CertificateOrderingApp.Models\CertificateOrderingApp.Models.csproj", "{8FBB442C-E430-457E-B32B-2428F7B903F4}"
EndProject
Global
	GlobalSection(SolutionConfigurationPlatforms) = preSolution
		Debug|Any CPU = Debug|Any CPU
		Release|Any CPU = Release|Any CPU
	EndGlobalSection
	GlobalSection(ProjectConfigurationPlatforms) = postSolution
		{9E96891D-AC7F-4FEC-BD84-3FACD7F8A03C}.Debug|Any CPU.ActiveCfg = Debug|Any CPU
		{9E96891D-AC7F-4FEC-BD84-3FACD7F8A03C}.Debug|Any CPU.Build.0 = Debug|Any CPU
		{9E96891D-AC7F-4FEC-BD84-3FACD7F8A03C}.Release|Any CPU.ActiveCfg = Release|Any CPU
		{9E96891D-AC7F-4FEC-BD84-3FACD7F8A03C}.Release|Any CPU.Build.0 = Release|Any CPU
		{F719D415-F4AE-4479-B355-EB0D2FE10108}.Debug|Any CPU.ActiveCfg = Debug|Any CPU
		{F719D415-F4AE-4479-B355-EB0D2FE10108}.Debug|Any CPU.Build.0 = Debug|Any CPU
		{F719D415-F4AE-4479-B355-EB0D2FE10108}.Release|Any CPU.ActiveCfg = Release|Any CPU
		{F719D415-F4AE-4479-B355-EB0D2FE10108}.Release|Any CPU.Build.0 = Release|Any CPU
		{8FBB442C-E430-457E-B32B-2428F7B903F4}.Debug|Any CPU.ActiveCfg = Debug|Any CPU
		{8FBB442C-E430-457E-B32B-2428F7B903F4}.Debug|Any CPU.Build.0 = Debug|Any CPU
		{8FBB442C-E430-457E-B32B-2428F7B903F4}.Release|Any CPU.ActiveCfg = Release|Any CPU
		{8FBB442C-E430-457E-B32B-2428F7B903F4}.Release|Any CPU.Build.0 = Release|Any CPU
	EndGlobalSection
	GlobalSection(SolutionProperties) = preSolution
		HideSolutionNode = FALSE
	EndGlobalSection
	GlobalSection(ExtensibilityGlobals) = postSolution
		SolutionGuid = {03908BF8-A1F0-4A8E-B915-C4351AFC710D}
	EndGlobalSection
EndGlobal
